# THIS IS AN AUTOGENERATED FILE. DO NOT EDIT THIS FILE DIRECTLY.
# yarn lockfile v1


"@types/jasmine@^5.1.4":
  version "5.1.4"
  resolved "https://registry.yarnpkg.com/@types/jasmine/-/jasmine-5.1.4.tgz#0de3f6ca753e10d1600ce1864ae42cfd47cf9924"
  integrity sha512-px7OMFO/ncXxixDe1zR13V1iycqWae0MxTaw62RpFlksUi5QuNWgQJFkTQjIOvrmutJbI7Fp2Y2N1F6D2R4G6w==
